
Microsoft Visual Studio Solution File, Format Version 12.00
# Visual Studio Version 16
VisualStudioVersion = 16.0.29209.62
MinimumVisualStudioVersion = 10.0.40219.1
Project("{FAE04EC0-301F-11D3-BF4B-00C04F79EFBC}") = "EffectiveLoadCalculation.UWP", "EffectiveLoadCalculation.UWP\EffectiveLoadCalculation.UWP.csproj", "{FC68D209-FA9F-4E5A-B067-49AA4177E56C}"
EndProject
Project("{FAE04EC0-301F-11D3-BF4B-00C04F79EFBC}") = "EffectiveLoadCalculation.Android", "EffectiveLoadCalculation.Android\EffectiveLoadCalculation.Android.csproj", "{0473B0A9-853B-4414-BB52-7C3108C9D8C2}"
EndProject
Project("{FAE04EC0-301F-11D3-BF4B-00C04F79EFBC}") = "EffectiveLoadCalculation.iOS", "EffectiveLoadCalculation.iOS\EffectiveLoadCalculation.iOS.csproj", "{C73F3AB3-8252-4F31-9121-140D9B06D359}"
EndProject
Project("{FAE04EC0-301F-11D3-BF4B-00C04F79EFBC}") = "EffectiveLoadCalculation", "EffectiveLoadCalculation\EffectiveLoadCalculation.csproj", "{68927EE2-3E59-4492-821E-CFE658363DCC}"
EndProject
Global
	GlobalSection(SolutionConfigurationPlatforms) = preSolution
		Debug|Any CPU = Debug|Any CPU
		Debug|ARM = Debug|ARM
		Debug|iPhone = Debug|iPhone
		Debug|iPhoneSimulator = Debug|iPhoneSimulator
		Debug|x64 = Debug|x64
		Debug|x86 = Debug|x86
		Release|Any CPU = Release|Any CPU
		Release|ARM = Release|ARM
		Release|iPhone = Release|iPhone
		Release|iPhoneSimulator = Release|iPhoneSimulator
		Release|x64 = Release|x64
		Release|x86 = Release|x86
	EndGlobalSection
	GlobalSection(ProjectConfigurationPlatforms) = postSolution
		{FC68D209-FA9F-4E5A-B067-49AA4177E56C}.Debug|Any CPU.ActiveCfg = Debug|x86
		{FC68D209-FA9F-4E5A-B067-49AA4177E56C}.Debug|Any CPU.Build.0 = Debug|x86
		{FC68D209-FA9F-4E5A-B067-49AA4177E56C}.Debug|Any CPU.Deploy.0 = Debug|x86
		{FC68D209-FA9F-4E5A-B067-49AA4177E56C}.Debug|ARM.ActiveCfg = Debug|ARM
		{FC68D209-FA9F-4E5A-B067-49AA4177E56C}.Debug|ARM.Build.0 = Debug|ARM
		{FC68D209-FA9F-4E5A-B067-49AA4177E56C}.Debug|ARM.Deploy.0 = Debug|ARM
		{FC68D209-FA9F-4E5A-B067-49AA4177E56C}.Debug|iPhone.ActiveCfg = Debug|x86
		{FC68D209-FA9F-4E5A-B067-49AA4177E56C}.Debug|iPhone.Build.0 = Debug|x86
		{FC68D209-FA9F-4E5A-B067-49AA4177E56C}.Debug|iPhone.Deploy.0 = Debug|x86
		{FC68D209-FA9F-4E5A-B067-49AA4177E56C}.Debug|iPhoneSimulator.ActiveCfg = Debug|x86
		{FC68D209-FA9F-4E5A-B067-49AA4177E56C}.Debug|iPhoneSimulator.Build.0 = Debug|x86
		{FC68D209-FA9F-4E5A-B067-49AA4177E56C}.Debug|iPhoneSimulator.Deploy.0 = Debug|x86
		{FC68D209-FA9F-4E5A-B067-49AA4177E56C}.Debug|x64.ActiveCfg = Debug|x64
		{FC68D209-FA9F-4E5A-B067-49AA4177E56C}.Debug|x64.Build.0 = Debug|x64
		{FC68D209-FA9F-4E5A-B067-49AA4177E56C}.Debug|x64.Deploy.0 = Debug|x64
		{FC68D209-FA9F-4E5A-B067-49AA4177E56C}.Debug|x86.ActiveCfg = Debug|x86
		{FC68D209-FA9F-4E5A-B067-49AA4177E56C}.Debug|x86.Build.0 = Debug|x86
		{FC68D209-FA9F-4E5A-B067-49AA4177E56C}.Debug|x86.Deploy.0 = Debug|x86
		{FC68D209-FA9F-4E5A-B067-49AA4177E56C}.Release|Any CPU.ActiveCfg = Release|x86
		{FC68D209-FA9F-4E5A-B067-49AA4177E56C}.Release|Any CPU.Build.0 = Release|x86
		{FC68D209-FA9F-4E5A-B067-49AA4177E56C}.Release|Any CPU.Deploy.0 = Release|x86
		{FC68D209-FA9F-4E5A-B067-49AA4177E56C}.Release|ARM.ActiveCfg = Release|ARM
		{FC68D209-FA9F-4E5A-B067-49AA4177E56C}.Release|ARM.Build.0 = Release|ARM
		{FC68D209-FA9F-4E5A-B067-49AA4177E56C}.Release|ARM.Deploy.0 = Release|ARM
		{FC68D209-FA9F-4E5A-B067-49AA4177E56C}.Release|iPhone.ActiveCfg = Release|x86
		{FC68D209-FA9F-4E5A-B067-49AA4177E56C}.Release|iPhone.Build.0 = Release|x86
		{FC68D209-FA9F-4E5A-B067-49AA4177E56C}.Release|iPhone.Deploy.0 = Release|x86
		{FC68D209-FA9F-4E5A-B067-49AA4177E56C}.Release|iPhoneSimulator.ActiveCfg = Release|x86
		{FC68D209-FA9F-4E5A-B067-49AA4177E56C}.Release|iPhoneSimulator.Build.0 = Release|x86
		{FC68D209-FA9F-4E5A-B067-49AA4177E56C}.Release|iPhoneSimulator.Deploy.0 = Release|x86
		{FC68D209-FA9F-4E5A-B067-49AA4177E56C}.Release|x64.ActiveCfg = Release|x64
		{FC68D209-FA9F-4E5A-B067-49AA4177E56C}.Release|x64.Build.0 = Release|x64
		{FC68D209-FA9F-4E5A-B067-49AA4177E56C}.Release|x64.Deploy.0 = Release|x64
		{FC68D209-FA9F-4E5A-B067-49AA4177E56C}.Release|x86.ActiveCfg = Release|x86
		{FC68D209-FA9F-4E5A-B067-49AA4177E56C}.Release|x86.Build.0 = Release|x86
		{FC68D209-FA9F-4E5A-B067-49AA4177E56C}.Release|x86.Deploy.0 = Release|x86
		{0473B0A9-853B-4414-BB52-7C3108C9D8C2}.Debug|Any CPU.ActiveCfg = Debug|Any CPU
		{0473B0A9-853B-4414-BB52-7C3108C9D8C2}.Debug|Any CPU.Build.0 = Debug|Any CPU
		{0473B0A9-853B-4414-BB52-7C3108C9D8C2}.Debug|Any CPU.Deploy.0 = Debug|Any CPU
		{0473B0A9-853B-4414-BB52-7C3108C9D8C2}.Debug|ARM.ActiveCfg = Debug|Any CPU
		{0473B0A9-853B-4414-BB52-7C3108C9D8C2}.Debug|ARM.Build.0 = Debug|Any CPU
		{0473B0A9-853B-4414-BB52-7C3108C9D8C2}.Debug|ARM.Deploy.0 = Debug|Any CPU
		{0473B0A9-853B-4414-BB52-7C3108C9D8C2}.Debug|iPhone.ActiveCfg = Debug|Any CPU
		{0473B0A9-853B-4414-BB52-7C3108C9D8C2}.Debug|iPhone.Build.0 = Debug|Any CPU
		{0473B0A9-853B-4414-BB52-7C3108C9D8C2}.Debug|iPhone.Deploy.0 = Debug|Any CPU
		{0473B0A9-853B-4414-BB52-7C3108C9D8C2}.Debug|iPhoneSimulator.ActiveCfg = Debug|Any CPU
		{0473B0A9-853B-4414-BB52-7C3108C9D8C2}.Debug|iPhoneSimulator.Build.0 = Debug|Any CPU
		{0473B0A9-853B-4414-BB52-7C3108C9D8C2}.Debug|iPhoneSimulator.Deploy.0 = Debug|Any CPU
		{0473B0A9-853B-4414-BB52-7C3108C9D8C2}.Debug|x64.ActiveCfg = Debug|Any CPU
		{0473B0A9-853B-4414-BB52-7C3108C9D8C2}.Debug|x64.Build.0 = Debug|Any CPU
		{0473B0A9-853B-4414-BB52-7C3108C9D8C2}.Debug|x64.Deploy.0 = Debug|Any CPU
		{0473B0A9-853B-4414-BB52-7C3108C9D8C2}.Debug|x86.ActiveCfg = Debug|Any CPU
		{0473B0A9-853B-4414-BB52-7C3108C9D8C2}.Debug|x86.Build.0 = Debug|Any CPU
		{0473B0A9-853B-4414-BB52-7C3108C9D8C2}.Debug|x86.Deploy.0 = Debug|Any CPU
		{0473B0A9-853B-4414-BB52-7C3108C9D8C2}.Release|Any CPU.ActiveCfg = Release|Any CPU
		{0473B0A9-853B-4414-BB52-7C3108C9D8C2}.Release|Any CPU.Build.0 = Release|Any CPU
		{0473B0A9-853B-4414-BB52-7C3108C9D8C2}.Release|Any CPU.Deploy.0 = Release|Any CPU
		{0473B0A9-853B-4414-BB52-7C3108C9D8C2}.Release|ARM.ActiveCfg = Release|Any CPU
		{0473B0A9-853B-4414-BB52-7C3108C9D8C2}.Release|ARM.Build.0 = Release|Any CPU
		{0473B0A9-853B-4414-BB52-7C3108C9D8C2}.Release|ARM.Deploy.0 = Release|Any CPU
		{0473B0A9-853B-4414-BB52-7C3108C9D8C2}.Release|iPhone.ActiveCfg = Release|Any CPU
		{0473B0A9-853B-4414-BB52-7C3108C9D8C2}.Release|iPhone.Build.0 = Release|Any CPU
		{0473B0A9-853B-4414-BB52-7C3108C9D8C2}.Release|iPhone.Deploy.0 = Release|Any CPU
		{0473B0A9-853B-4414-BB52-7C3108C9D8C2}.Release|iPhoneSimulator.ActiveCfg = Release|Any CPU
		{0473B0A9-853B-4414-BB52-7C3108C9D8C2}.Release|iPhoneSimulator.Build.0 = Release|Any CPU
		{0473B0A9-853B-4414-BB52-7C3108C9D8C2}.Release|iPhoneSimulator.Deploy.0 = Release|Any CPU
		{0473B0A9-853B-4414-BB52-7C3108C9D8C2}.Release|x64.ActiveCfg = Release|Any CPU
		{0473B0A9-853B-4414-BB52-7C3108C9D8C2}.Release|x64.Build.0 = Release|Any CPU
		{0473B0A9-853B-4414-BB52-7C3108C9D8C2}.Release|x64.Deploy.0 = Release|Any CPU
		{0473B0A9-853B-4414-BB52-7C3108C9D8C2}.Release|x86.ActiveCfg = Release|Any CPU
		{0473B0A9-853B-4414-BB52-7C3108C9D8C2}.Release|x86.Build.0 = Release|Any CPU
		{0473B0A9-853B-4414-BB52-7C3108C9D8C2}.Release|x86.Deploy.0 = Release|Any CPU
		{C73F3AB3-8252-4F31-9121-140D9B06D359}.Debug|Any CPU.ActiveCfg = Debug|iPhone
		{C73F3AB3-8252-4F31-9121-140D9B06D359}.Debug|Any CPU.Build.0 = Debug|iPhone
		{C73F3AB3-8252-4F31-9121-140D9B06D359}.Debug|Any CPU.Deploy.0 = Debug|iPhone
		{C73F3AB3-8252-4F31-9121-140D9B06D359}.Debug|ARM.ActiveCfg = Debug|iPhoneSimulator
		{C73F3AB3-8252-4F31-9121-140D9B06D359}.Debug|ARM.Build.0 = Debug|iPhoneSimulator
		{C73F3AB3-8252-4F31-9121-140D9B06D359}.Debug|ARM.Deploy.0 = Debug|iPhoneSimulator
		{C73F3AB3-8252-4F31-9121-140D9B06D359}.Debug|iPhone.ActiveCfg = Debug|iPhone
		{C73F3AB3-8252-4F31-9121-140D9B06D359}.Debug|iPhone.Build.0 = Debug|iPhone
		{C73F3AB3-8252-4F31-9121-140D9B06D359}.Debug|iPhone.Deploy.0 = Debug|iPhone
		{C73F3AB3-8252-4F31-9121-140D9B06D359}.Debug|iPhoneSimulator.ActiveCfg = Debug|iPhoneSimulator
		{C73F3AB3-8252-4F31-9121-140D9B06D359}.Debug|iPhoneSimulator.Build.0 = Debug|iPhoneSimulator
		{C73F3AB3-8252-4F31-9121-140D9B06D359}.Debug|iPhoneSimulator.Deploy.0 = Debug|iPhoneSimulator
		{C73F3AB3-8252-4F31-9121-140D9B06D359}.Debug|x64.ActiveCfg = Debug|iPhone
		{C73F3AB3-8252-4F31-9121-140D9B06D359}.Debug|x64.Build.0 = Debug|iPhone
		{C73F3AB3-8252-4F31-9121-140D9B06D359}.Debug|x64.Deploy.0 = Debug|iPhone
		{C73F3AB3-8252-4F31-9121-140D9B06D359}.Debug|x86.ActiveCfg = Debug|iPhone
		{C73F3AB3-8252-4F31-9121-140D9B06D359}.Debug|x86.Build.0 = Debug|iPhone
		{C73F3AB3-8252-4F31-9121-140D9B06D359}.Debug|x86.Deploy.0 = Debug|iPhone
		{C73F3AB3-8252-4F31-9121-140D9B06D359}.Release|Any CPU.ActiveCfg = Release|iPhone
		{C73F3AB3-8252-4F31-9121-140D9B06D359}.Release|Any CPU.Build.0 = Release|iPhone
		{C73F3AB3-8252-4F31-9121-140D9B06D359}.Release|Any CPU.Deploy.0 = Release|iPhone
		{C73F3AB3-8252-4F31-9121-140D9B06D359}.Release|ARM.ActiveCfg = Release|iPhone
		{C73F3AB3-8252-4F31-9121-140D9B06D359}.Release|ARM.Build.0 = Release|iPhone
		{C73F3AB3-8252-4F31-9121-140D9B06D359}.Release|ARM.Deploy.0 = Release|iPhone
		{C73F3AB3-8252-4F31-9121-140D9B06D359}.Release|iPhone.ActiveCfg = Release|iPhone
		{C73F3AB3-8252-4F31-9121-140D9B06D359}.Release|iPhone.Build.0 = Release|iPhone
		{C73F3AB3-8252-4F31-9121-140D9B06D359}.Release|iPhone.Deploy.0 = Release|iPhone
		{C73F3AB3-8252-4F31-9121-140D9B06D359}.Release|iPhoneSimulator.ActiveCfg = Release|iPhoneSimulator
		{C73F3AB3-8252-4F31-9121-140D9B06D359}.Release|iPhoneSimulator.Build.0 = Release|iPhoneSimulator
		{C73F3AB3-8252-4F31-9121-140D9B06D359}.Release|iPhoneSimulator.Deploy.0 = Release|iPhoneSimulator
		{C73F3AB3-8252-4F31-9121-140D9B06D359}.Release|x64.ActiveCfg = Release|iPhone
		{C73F3AB3-8252-4F31-9121-140D9B06D359}.Release|x64.Build.0 = Release|iPhone
		{C73F3AB3-8252-4F31-9121-140D9B06D359}.Release|x64.Deploy.0 = Release|iPhone
		{C73F3AB3-8252-4F31-9121-140D9B06D359}.Release|x86.ActiveCfg = Release|iPhone
		{C73F3AB3-8252-4F31-9121-140D9B06D359}.Release|x86.Build.0 = Release|iPhone
		{C73F3AB3-8252-4F31-9121-140D9B06D359}.Release|x86.Deploy.0 = Release|iPhone
		{68927EE2-3E59-4492-821E-CFE658363DCC}.Debug|Any CPU.ActiveCfg = Debug|Any CPU
		{68927EE2-3E59-4492-821E-CFE658363DCC}.Debug|Any CPU.Build.0 = Debug|Any CPU
		{68927EE2-3E59-4492-821E-CFE658363DCC}.Debug|Any CPU.Deploy.0 = Debug|Any CPU
		{68927EE2-3E59-4492-821E-CFE658363DCC}.Debug|ARM.ActiveCfg = Debug|Any CPU
		{68927EE2-3E59-4492-821E-CFE658363DCC}.Debug|ARM.Build.0 = Debug|Any CPU
		{68927EE2-3E59-4492-821E-CFE658363DCC}.Debug|ARM.Deploy.0 = Debug|Any CPU
		{68927EE2-3E59-4492-821E-CFE658363DCC}.Debug|iPhone.ActiveCfg = Debug|Any CPU
		{68927EE2-3E59-4492-821E-CFE658363DCC}.Debug|iPhone.Build.0 = Debug|Any CPU
		{68927EE2-3E59-4492-821E-CFE658363DCC}.Debug|iPhone.Deploy.0 = Debug|Any CPU
		{68927EE2-3E59-4492-821E-CFE658363DCC}.Debug|iPhoneSimulator.ActiveCfg = Debug|Any CPU
		{68927EE2-3E59-4492-821E-CFE658363DCC}.Debug|iPhoneSimulator.Build.0 = Debug|Any CPU
		{68927EE2-3E59-4492-821E-CFE658363DCC}.Debug|iPhoneSimulator.Deploy.0 = Debug|Any CPU
		{68927EE2-3E59-4492-821E-CFE658363DCC}.Debug|x64.ActiveCfg = Debug|Any CPU
		{68927EE2-3E59-4492-821E-CFE658363DCC}.Debug|x64.Build.0 = Debug|Any CPU
		{68927EE2-3E59-4492-821E-CFE658363DCC}.Debug|x64.Deploy.0 = Debug|Any CPU
		{68927EE2-3E59-4492-821E-CFE658363DCC}.Debug|x86.ActiveCfg = Debug|Any CPU
		{68927EE2-3E59-4492-821E-CFE658363DCC}.Debug|x86.Build.0 = Debug|Any CPU
		{68927EE2-3E59-4492-821E-CFE658363DCC}.Debug|x86.Deploy.0 = Debug|Any CPU
		{68927EE2-3E59-4492-821E-CFE658363DCC}.Release|Any CPU.ActiveCfg = Release|Any CPU
		{68927EE2-3E59-4492-821E-CFE658363DCC}.Release|Any CPU.Build.0 = Release|Any CPU
		{68927EE2-3E59-4492-821E-CFE658363DCC}.Release|Any CPU.Deploy.0 = Release|Any CPU
		{68927EE2-3E59-4492-821E-CFE658363DCC}.Release|ARM.ActiveCfg = Release|Any CPU
		{68927EE2-3E59-4492-821E-CFE658363DCC}.Release|ARM.Build.0 = Release|Any CPU
		{68927EE2-3E59-4492-821E-CFE658363DCC}.Release|ARM.Deploy.0 = Release|Any CPU
		{68927EE2-3E59-4492-821E-CFE658363DCC}.Release|iPhone.ActiveCfg = Release|Any CPU
		{68927EE2-3E59-4492-821E-CFE658363DCC}.Release|iPhone.Build.0 = Release|Any CPU
		{68927EE2-3E59-4492-821E-CFE658363DCC}.Release|iPhone.Deploy.0 = Release|Any CPU
		{68927EE2-3E59-4492-821E-CFE658363DCC}.Release|iPhoneSimulator.ActiveCfg = Release|Any CPU
		{68927EE2-3E59-4492-821E-CFE658363DCC}.Release|iPhoneSimulator.Build.0 = Release|Any CPU
		{68927EE2-3E59-4492-821E-CFE658363DCC}.Release|iPhoneSimulator.Deploy.0 = Release|Any CPU
		{68927EE2-3E59-4492-821E-CFE658363DCC}.Release|x64.ActiveCfg = Release|Any CPU
		{68927EE2-3E59-4492-821E-CFE658363DCC}.Release|x64.Build.0 = Release|Any CPU
		{68927EE2-3E59-4492-821E-CFE658363DCC}.Release|x64.Deploy.0 = Release|Any CPU
		{68927EE2-3E59-4492-821E-CFE658363DCC}.Release|x86.ActiveCfg = Release|Any CPU
		{68927EE2-3E59-4492-821E-CFE658363DCC}.Release|x86.Build.0 = Release|Any CPU
		{68927EE2-3E59-4492-821E-CFE658363DCC}.Release|x86.Deploy.0 = Release|Any CPU
	EndGlobalSection
	GlobalSection(SolutionProperties) = preSolution
		HideSolutionNode = FALSE
	EndGlobalSection
	GlobalSection(ExtensibilityGlobals) = postSolution
		SolutionGuid = {60005576-5A27-4930-8C27-AB2BB6E9B63F}
	EndGlobalSection
EndGlobal
